
Microsoft Visual Studio Solution File, Format Version 12.00
# Visual Studio Version 16
VisualStudioVersion = 16.0.31702.278
MinimumVisualStudioVersion = 10.0.40219.1
Project("{FAE04EC0-301F-11D3-BF4B-00C04F79EFBC}") = "MedShare", "MedShare.csproj", "{280692F3-6D33-4DE2-BB60-C4FE8E9A062D}"
EndProject
Global
	GlobalSection(SolutionConfigurationPlatforms) = preSolution
		Debug|Any CPU = Debug|Any CPU
		Release|Any CPU = Release|Any CPU
	EndGlobalSection
	GlobalSection(ProjectConfigurationPlatforms) = postSolution
		{280692F3-6D33-4DE2-BB60-C4FE8E9A062D}.Debug|Any CPU.ActiveCfg = Debug|Any CPU
		{280692F3-6D33-4DE2-BB60-C4FE8E9A062D}.Debug|Any CPU.Build.0 = Debug|Any CPU
		{280692F3-6D33-4DE2-BB60-C4FE8E9A062D}.Release|Any CPU.ActiveCfg = Release|Any CPU
		{280692F3-6D33-4DE2-BB60-C4FE8E9A062D}.Release|Any CPU.Build.0 = Release|Any CPU
	EndGlobalSection
	GlobalSection(SolutionProperties) = preSolution
		HideSolutionNode = FALSE
	EndGlobalSection
	GlobalSection(ExtensibilityGlobals) = postSolution
		SolutionGuid = {C51A24C8-B968-4DCC-9C73-1EF45BD36FFF}
	EndGlobalSection
EndGlobal
